
Microsoft Visual Studio Solution File, Format Version 12.00
# Visual Studio 2013
VisualStudioVersion = 12.0.21005.1
MinimumVisualStudioVersion = 10.0.40219.1
Project("{FAE04EC0-301F-11D3-BF4B-00C04F79EFBC}") = "Ru.Imagio.ViewModel", "Ru.Imagio.ViewModel\Ru.Imagio.ViewModel.csproj", "{D062BE48-799F-4CEB-BE95-C83C840D8743}"
EndProject
Project("{FAE04EC0-301F-11D3-BF4B-00C04F79EFBC}") = "Ru.Imagio.View", "Ru.Imagio.View\Ru.Imagio.View.csproj", "{9BE9DDE6-7C4D-4B1D-868A-41DE66B17E66}"
EndProject
Project("{FAE04EC0-301F-11D3-BF4B-00C04F79EFBC}") = "Ru.Imagio.Main", "Ru.Imagio.Main\Ru.Imagio.Main.csproj", "{670B7C7A-F73F-4E0B-A44B-1318E9497731}"
EndProject
Project("{FAE04EC0-301F-11D3-BF4B-00C04F79EFBC}") = "Ru.Imagio.Model", "Ru.Imagio.Model\Ru.Imagio.Model.csproj", "{F8618E70-409F-443B-89C6-5F7CB43A78A7}"
EndProject
Global
	GlobalSection(SolutionConfigurationPlatforms) = preSolution
		Debug|Any CPU = Debug|Any CPU
		Release|Any CPU = Release|Any CPU
	EndGlobalSection
	GlobalSection(ProjectConfigurationPlatforms) = postSolution
		{D062BE48-799F-4CEB-BE95-C83C840D8743}.Debug|Any CPU.ActiveCfg = Debug|Any CPU
		{D062BE48-799F-4CEB-BE95-C83C840D8743}.Debug|Any CPU.Build.0 = Debug|Any CPU
		{D062BE48-799F-4CEB-BE95-C83C840D8743}.Release|Any CPU.ActiveCfg = Release|Any CPU
		{D062BE48-799F-4CEB-BE95-C83C840D8743}.Release|Any CPU.Build.0 = Release|Any CPU
		{9BE9DDE6-7C4D-4B1D-868A-41DE66B17E66}.Debug|Any CPU.ActiveCfg = Debug|Any CPU
		{9BE9DDE6-7C4D-4B1D-868A-41DE66B17E66}.Debug|Any CPU.Build.0 = Debug|Any CPU
		{9BE9DDE6-7C4D-4B1D-868A-41DE66B17E66}.Release|Any CPU.ActiveCfg = Release|Any CPU
		{9BE9DDE6-7C4D-4B1D-868A-41DE66B17E66}.Release|Any CPU.Build.0 = Release|Any CPU
		{670B7C7A-F73F-4E0B-A44B-1318E9497731}.Debug|Any CPU.ActiveCfg = Debug|Any CPU
		{670B7C7A-F73F-4E0B-A44B-1318E9497731}.Debug|Any CPU.Build.0 = Debug|Any CPU
		{670B7C7A-F73F-4E0B-A44B-1318E9497731}.Release|Any CPU.ActiveCfg = Release|Any CPU
		{670B7C7A-F73F-4E0B-A44B-1318E9497731}.Release|Any CPU.Build.0 = Release|Any CPU
		{F8618E70-409F-443B-89C6-5F7CB43A78A7}.Debug|Any CPU.ActiveCfg = Debug|Any CPU
		{F8618E70-409F-443B-89C6-5F7CB43A78A7}.Debug|Any CPU.Build.0 = Debug|Any CPU
		{F8618E70-409F-443B-89C6-5F7CB43A78A7}.Release|Any CPU.ActiveCfg = Release|Any CPU
		{F8618E70-409F-443B-89C6-5F7CB43A78A7}.Release|Any CPU.Build.0 = Release|Any CPU
	EndGlobalSection
	GlobalSection(SolutionProperties) = preSolution
		HideSolutionNode = FALSE
	EndGlobalSection
EndGlobal
